
Microsoft Visual Studio Solution File, Format Version 12.00
# Visual Studio 14
VisualStudioVersion = 14.0.23107.0
MinimumVisualStudioVersion = 10.0.40219.1
Project("{FAE04EC0-301F-11D3-BF4B-00C04F79EFBC}") = "MSNgram", "MSNgram\MSNgram.csproj", "{2BF2EF32-BA7B-4B9E-A152-5BB2B4487B22}"
EndProject
Project("{FAE04EC0-301F-11D3-BF4B-00C04F79EFBC}") = "MSNgram.Console", "MSNgram.Console\MSNgram.Console.csproj", "{1DD25BA2-D192-4A50-9792-90D7D3FE63EA}"
EndProject
Project("{2150E333-8FDC-42A3-9474-1A3956D46DE8}") = "Misc", "Misc", "{A0765B00-009D-4445-A8EA-D0D7C2E164FF}"
	ProjectSection(SolutionItems) = preProject
		README.txt = README.txt
	EndProjectSection
EndProject
Global
	GlobalSection(SolutionConfigurationPlatforms) = preSolution
		Debug|Any CPU = Debug|Any CPU
		Release|Any CPU = Release|Any CPU
	EndGlobalSection
	GlobalSection(ProjectConfigurationPlatforms) = postSolution
		{2BF2EF32-BA7B-4B9E-A152-5BB2B4487B22}.Debug|Any CPU.ActiveCfg = Debug|Any CPU
		{2BF2EF32-BA7B-4B9E-A152-5BB2B4487B22}.Debug|Any CPU.Build.0 = Debug|Any CPU
		{2BF2EF32-BA7B-4B9E-A152-5BB2B4487B22}.Release|Any CPU.ActiveCfg = Release|Any CPU
		{2BF2EF32-BA7B-4B9E-A152-5BB2B4487B22}.Release|Any CPU.Build.0 = Release|Any CPU
		{1DD25BA2-D192-4A50-9792-90D7D3FE63EA}.Debug|Any CPU.ActiveCfg = Debug|Any CPU
		{1DD25BA2-D192-4A50-9792-90D7D3FE63EA}.Debug|Any CPU.Build.0 = Debug|Any CPU
		{1DD25BA2-D192-4A50-9792-90D7D3FE63EA}.Release|Any CPU.ActiveCfg = Release|Any CPU
		{1DD25BA2-D192-4A50-9792-90D7D3FE63EA}.Release|Any CPU.Build.0 = Release|Any CPU
	EndGlobalSection
	GlobalSection(SolutionProperties) = preSolution
		HideSolutionNode = FALSE
	EndGlobalSection
EndGlobal
