
Microsoft Visual Studio Solution File, Format Version 12.00
# Visual Studio 14
VisualStudioVersion = 14.0.25123.0
MinimumVisualStudioVersion = 10.0.40219.1
Project("{FAE04EC0-301F-11D3-BF4B-00C04F79EFBC}") = "WCFExample.Console", "WCFExample.Console\WCFExample.Console.csproj", "{ABD479ED-242A-4809-936C-E3EC80D30C1B}"
EndProject
Project("{FAE04EC0-301F-11D3-BF4B-00C04F79EFBC}") = "WCFExample.WCFLibrary", "WCFExample.WCFLibrary\WCFExample.WCFLibrary.csproj", "{4D79CE03-A5AE-4217-9677-9AFC1C5D27E1}"
EndProject
Project("{FAE04EC0-301F-11D3-BF4B-00C04F79EFBC}") = "WCFExample.Logging", "WCFExample.Logging\WCFExample.Logging.csproj", "{94C086E6-3F41-47E8-8BCF-0078E62EFF14}"
EndProject
Global
	GlobalSection(SolutionConfigurationPlatforms) = preSolution
		Debug|Any CPU = Debug|Any CPU
		Release|Any CPU = Release|Any CPU
	EndGlobalSection
	GlobalSection(ProjectConfigurationPlatforms) = postSolution
		{ABD479ED-242A-4809-936C-E3EC80D30C1B}.Debug|Any CPU.ActiveCfg = Debug|Any CPU
		{ABD479ED-242A-4809-936C-E3EC80D30C1B}.Debug|Any CPU.Build.0 = Debug|Any CPU
		{ABD479ED-242A-4809-936C-E3EC80D30C1B}.Release|Any CPU.ActiveCfg = Release|Any CPU
		{ABD479ED-242A-4809-936C-E3EC80D30C1B}.Release|Any CPU.Build.0 = Release|Any CPU
		{4D79CE03-A5AE-4217-9677-9AFC1C5D27E1}.Debug|Any CPU.ActiveCfg = Debug|Any CPU
		{4D79CE03-A5AE-4217-9677-9AFC1C5D27E1}.Debug|Any CPU.Build.0 = Debug|Any CPU
		{4D79CE03-A5AE-4217-9677-9AFC1C5D27E1}.Release|Any CPU.ActiveCfg = Release|Any CPU
		{4D79CE03-A5AE-4217-9677-9AFC1C5D27E1}.Release|Any CPU.Build.0 = Release|Any CPU
		{94C086E6-3F41-47E8-8BCF-0078E62EFF14}.Debug|Any CPU.ActiveCfg = Debug|Any CPU
		{94C086E6-3F41-47E8-8BCF-0078E62EFF14}.Debug|Any CPU.Build.0 = Debug|Any CPU
		{94C086E6-3F41-47E8-8BCF-0078E62EFF14}.Release|Any CPU.ActiveCfg = Release|Any CPU
		{94C086E6-3F41-47E8-8BCF-0078E62EFF14}.Release|Any CPU.Build.0 = Release|Any CPU
	EndGlobalSection
	GlobalSection(SolutionProperties) = preSolution
		HideSolutionNode = FALSE
	EndGlobalSection
	GlobalSection(ExtensibilityGlobals) = postSolution
		EnterpriseLibraryConfigurationToolBinariesPathV6 = packages\EnterpriseLibrary.Common.6.0.1304.0\lib\NET45;packages\EnterpriseLibrary.Logging.6.0.1304.0\lib\NET45
	EndGlobalSection
EndGlobal
